
Microsoft Visual Studio Solution File, Format Version 12.00
# Visual Studio 15
VisualStudioVersion = 15.0.28307.489
MinimumVisualStudioVersion = 10.0.40219.1
Project("{9A19103F-16F7-4668-BE54-9A1E7A4F7556}") = "CoreBoy.OpenTK", "CoreBoy.OpenTK\CoreBoy.OpenTK.csproj", "{58BFB936-5D29-418B-9D13-1D1E0C4F9556}"
EndProject
Project("{9A19103F-16F7-4668-BE54-9A1E7A4F7556}") = "CoreBoy.Core", "CoreBoy.Core\CoreBoy.Core.csproj", "{C8A9924E-1510-4199-88E6-358361D2FD6D}"
EndProject
Project("{9A19103F-16F7-4668-BE54-9A1E7A4F7556}") = "CoreBoy.Test", "CoreBoy.Test\CoreBoy.Test.csproj", "{8422B365-544D-42E6-B152-28E91D3C8C4F}"
EndProject
Project("{9A19103F-16F7-4668-BE54-9A1E7A4F7556}") = "CoreBoy.MonoGame", "CoreBoy.MonoGame\CoreBoy.MonoGame.csproj", "{2EFF9D2B-91D0-46A7-8499-A2D1B1BE2EBC}"
EndProject
Project("{FAE04EC0-301F-11D3-BF4B-00C04F79EFBC}") = "CoreBoy.Ultraviolet", "CoreBoy.Ultraviolet\CoreBoy.Ultraviolet.csproj", "{B9B7F1AF-46E3-4203-9DA8-CE6AD1196224}"
EndProject
Global
	GlobalSection(SolutionConfigurationPlatforms) = preSolution
		Debug|Any CPU = Debug|Any CPU
		Release|Any CPU = Release|Any CPU
	EndGlobalSection
	GlobalSection(ProjectConfigurationPlatforms) = postSolution
		{58BFB936-5D29-418B-9D13-1D1E0C4F9556}.Debug|Any CPU.ActiveCfg = Debug|Any CPU
		{58BFB936-5D29-418B-9D13-1D1E0C4F9556}.Debug|Any CPU.Build.0 = Debug|Any CPU
		{58BFB936-5D29-418B-9D13-1D1E0C4F9556}.Release|Any CPU.ActiveCfg = Release|Any CPU
		{58BFB936-5D29-418B-9D13-1D1E0C4F9556}.Release|Any CPU.Build.0 = Release|Any CPU
		{C8A9924E-1510-4199-88E6-358361D2FD6D}.Debug|Any CPU.ActiveCfg = Debug|Any CPU
		{C8A9924E-1510-4199-88E6-358361D2FD6D}.Debug|Any CPU.Build.0 = Debug|Any CPU
		{C8A9924E-1510-4199-88E6-358361D2FD6D}.Release|Any CPU.ActiveCfg = Release|Any CPU
		{C8A9924E-1510-4199-88E6-358361D2FD6D}.Release|Any CPU.Build.0 = Release|Any CPU
		{8422B365-544D-42E6-B152-28E91D3C8C4F}.Debug|Any CPU.ActiveCfg = Debug|Any CPU
		{8422B365-544D-42E6-B152-28E91D3C8C4F}.Debug|Any CPU.Build.0 = Debug|Any CPU
		{8422B365-544D-42E6-B152-28E91D3C8C4F}.Release|Any CPU.ActiveCfg = Release|Any CPU
		{8422B365-544D-42E6-B152-28E91D3C8C4F}.Release|Any CPU.Build.0 = Release|Any CPU
		{2EFF9D2B-91D0-46A7-8499-A2D1B1BE2EBC}.Debug|Any CPU.ActiveCfg = Debug|Any CPU
		{2EFF9D2B-91D0-46A7-8499-A2D1B1BE2EBC}.Debug|Any CPU.Build.0 = Debug|Any CPU
		{2EFF9D2B-91D0-46A7-8499-A2D1B1BE2EBC}.Release|Any CPU.ActiveCfg = Release|Any CPU
		{2EFF9D2B-91D0-46A7-8499-A2D1B1BE2EBC}.Release|Any CPU.Build.0 = Release|Any CPU
		{B9B7F1AF-46E3-4203-9DA8-CE6AD1196224}.Debug|Any CPU.ActiveCfg = Debug|Any CPU
		{B9B7F1AF-46E3-4203-9DA8-CE6AD1196224}.Debug|Any CPU.Build.0 = Debug|Any CPU
		{B9B7F1AF-46E3-4203-9DA8-CE6AD1196224}.Release|Any CPU.ActiveCfg = Release|Any CPU
		{B9B7F1AF-46E3-4203-9DA8-CE6AD1196224}.Release|Any CPU.Build.0 = Release|Any CPU
	EndGlobalSection
	GlobalSection(SolutionProperties) = preSolution
		HideSolutionNode = FALSE
	EndGlobalSection
	GlobalSection(ExtensibilityGlobals) = postSolution
		SolutionGuid = {70DBB0E6-149C-4D07-8AA2-18FDD93B6AE6}
	EndGlobalSection
EndGlobal
